
Microsoft Visual Studio Solution File, Format Version 12.00
# Visual Studio Version 17
VisualStudioVersion = 17.1.32210.238
MinimumVisualStudioVersion = 10.0.40219.1
Project("{2150E333-8FDC-42A3-9474-1A3956D46DE8}") = "src", "src", "{F875B9C1-3C7E-4315-9059-06128B054592}"
EndProject
Project("{2150E333-8FDC-42A3-9474-1A3956D46DE8}") = "test", "test", "{A9CC7FAD-F8A0-467C-AA68-9E0BC5D87C7F}"
EndProject
Project("{2150E333-8FDC-42A3-9474-1A3956D46DE8}") = "API", "API", "{CDAB05DD-B0D6-42DB-A42A-1B51F74A2967}"
EndProject
Project("{2150E333-8FDC-42A3-9474-1A3956D46DE8}") = "Core", "Core", "{CEB6D455-8552-417F-A49E-F4931019BEB9}"
EndProject
Project("{2150E333-8FDC-42A3-9474-1A3956D46DE8}") = "Infrastructure", "Infrastructure", "{787E6683-5B60-4EA4-832C-76B9B93AE60A}"
EndProject
Project("{2150E333-8FDC-42A3-9474-1A3956D46DE8}") = "UI", "UI", "{75E9DD67-FC6B-4CF2-B59B-98AD10FE2595}"
EndProject
Project("{9A19103F-16F7-4668-BE54-9A1E7A4F7556}") = "HRLeaveManagement.Domain", "HRLeaveManagement.Domain\HRLeaveManagement.Domain.csproj", "{C1DAB3B5-D602-47C0-976F-6434AAC60C44}"
EndProject
Project("{9A19103F-16F7-4668-BE54-9A1E7A4F7556}") = "HRLeaveManagement.Application", "HRLeaveManagement.Application\HRLeaveManagement.Application.csproj", "{AF640A2D-686D-4F85-95CB-CBC2D5211543}"
EndProject
Project("{9A19103F-16F7-4668-BE54-9A1E7A4F7556}") = "HRLeaveManagement.Infrastructure", "HRLeaveManagement.Infrastructure\HRLeaveManagement.Infrastructure.csproj", "{014EC6AA-FCCE-42C9-871B-92DBDC98F9A7}"
EndProject
Project("{9A19103F-16F7-4668-BE54-9A1E7A4F7556}") = "HRLeaveManagement.Persistence", "HRLeaveManagement.Persistence\HRLeaveManagement.Persistence.csproj", "{4A15AC54-CA4A-4202-86ED-7A6A0A4984CA}"
EndProject
Project("{9A19103F-16F7-4668-BE54-9A1E7A4F7556}") = "HRLeaveManagement.Api", "HRLeaveManagement.Api\HRLeaveManagement.Api.csproj", "{BFE517C0-F2B3-475F-9A19-078A42FBF102}"
EndProject
Project("{9A19103F-16F7-4668-BE54-9A1E7A4F7556}") = "HRLeaveManagement.Application.UnitTests", "HRLeaveManagement.Application.UnitTests\HRLeaveManagement.Application.UnitTests.csproj", "{19BB924D-EBD4-4B8F-B6E7-86788996E5D4}"
EndProject
Project("{9A19103F-16F7-4668-BE54-9A1E7A4F7556}") = "HRLeaveManagement.MVC", "HRLeaveManagement.MVC\HRLeaveManagement.MVC.csproj", "{71B14F89-937C-4D8D-9070-598EC591F9EF}"
EndProject
Project("{FAE04EC0-301F-11D3-BF4B-00C04F79EFBC}") = "HRLeaveManagement.Identity", "HRLeaveManagement.Identity\HRLeaveManagement.Identity.csproj", "{E678B84E-8556-45B2-B01B-546CCCE8AF47}"
EndProject
Global
	GlobalSection(SolutionConfigurationPlatforms) = preSolution
		Debug|Any CPU = Debug|Any CPU
		Release|Any CPU = Release|Any CPU
	EndGlobalSection
	GlobalSection(ProjectConfigurationPlatforms) = postSolution
		{C1DAB3B5-D602-47C0-976F-6434AAC60C44}.Debug|Any CPU.ActiveCfg = Debug|Any CPU
		{C1DAB3B5-D602-47C0-976F-6434AAC60C44}.Debug|Any CPU.Build.0 = Debug|Any CPU
		{C1DAB3B5-D602-47C0-976F-6434AAC60C44}.Release|Any CPU.ActiveCfg = Release|Any CPU
		{C1DAB3B5-D602-47C0-976F-6434AAC60C44}.Release|Any CPU.Build.0 = Release|Any CPU
		{AF640A2D-686D-4F85-95CB-CBC2D5211543}.Debug|Any CPU.ActiveCfg = Debug|Any CPU
		{AF640A2D-686D-4F85-95CB-CBC2D5211543}.Debug|Any CPU.Build.0 = Debug|Any CPU
		{AF640A2D-686D-4F85-95CB-CBC2D5211543}.Release|Any CPU.ActiveCfg = Release|Any CPU
		{AF640A2D-686D-4F85-95CB-CBC2D5211543}.Release|Any CPU.Build.0 = Release|Any CPU
		{014EC6AA-FCCE-42C9-871B-92DBDC98F9A7}.Debug|Any CPU.ActiveCfg = Debug|Any CPU
		{014EC6AA-FCCE-42C9-871B-92DBDC98F9A7}.Debug|Any CPU.Build.0 = Debug|Any CPU
		{014EC6AA-FCCE-42C9-871B-92DBDC98F9A7}.Release|Any CPU.ActiveCfg = Release|Any CPU
		{014EC6AA-FCCE-42C9-871B-92DBDC98F9A7}.Release|Any CPU.Build.0 = Release|Any CPU
		{4A15AC54-CA4A-4202-86ED-7A6A0A4984CA}.Debug|Any CPU.ActiveCfg = Debug|Any CPU
		{4A15AC54-CA4A-4202-86ED-7A6A0A4984CA}.Debug|Any CPU.Build.0 = Debug|Any CPU
		{4A15AC54-CA4A-4202-86ED-7A6A0A4984CA}.Release|Any CPU.ActiveCfg = Release|Any CPU
		{4A15AC54-CA4A-4202-86ED-7A6A0A4984CA}.Release|Any CPU.Build.0 = Release|Any CPU
		{BFE517C0-F2B3-475F-9A19-078A42FBF102}.Debug|Any CPU.ActiveCfg = Debug|Any CPU
		{BFE517C0-F2B3-475F-9A19-078A42FBF102}.Debug|Any CPU.Build.0 = Debug|Any CPU
		{BFE517C0-F2B3-475F-9A19-078A42FBF102}.Release|Any CPU.ActiveCfg = Release|Any CPU
		{BFE517C0-F2B3-475F-9A19-078A42FBF102}.Release|Any CPU.Build.0 = Release|Any CPU
		{19BB924D-EBD4-4B8F-B6E7-86788996E5D4}.Debug|Any CPU.ActiveCfg = Debug|Any CPU
		{19BB924D-EBD4-4B8F-B6E7-86788996E5D4}.Debug|Any CPU.Build.0 = Debug|Any CPU
		{19BB924D-EBD4-4B8F-B6E7-86788996E5D4}.Release|Any CPU.ActiveCfg = Release|Any CPU
		{19BB924D-EBD4-4B8F-B6E7-86788996E5D4}.Release|Any CPU.Build.0 = Release|Any CPU
		{71B14F89-937C-4D8D-9070-598EC591F9EF}.Debug|Any CPU.ActiveCfg = Debug|Any CPU
		{71B14F89-937C-4D8D-9070-598EC591F9EF}.Debug|Any CPU.Build.0 = Debug|Any CPU
		{71B14F89-937C-4D8D-9070-598EC591F9EF}.Release|Any CPU.ActiveCfg = Release|Any CPU
		{71B14F89-937C-4D8D-9070-598EC591F9EF}.Release|Any CPU.Build.0 = Release|Any CPU
		{E678B84E-8556-45B2-B01B-546CCCE8AF47}.Debug|Any CPU.ActiveCfg = Debug|Any CPU
		{E678B84E-8556-45B2-B01B-546CCCE8AF47}.Debug|Any CPU.Build.0 = Debug|Any CPU
		{E678B84E-8556-45B2-B01B-546CCCE8AF47}.Release|Any CPU.ActiveCfg = Release|Any CPU
		{E678B84E-8556-45B2-B01B-546CCCE8AF47}.Release|Any CPU.Build.0 = Release|Any CPU
	EndGlobalSection
	GlobalSection(SolutionProperties) = preSolution
		HideSolutionNode = FALSE
	EndGlobalSection
	GlobalSection(NestedProjects) = preSolution
		{CDAB05DD-B0D6-42DB-A42A-1B51F74A2967} = {F875B9C1-3C7E-4315-9059-06128B054592}
		{CEB6D455-8552-417F-A49E-F4931019BEB9} = {F875B9C1-3C7E-4315-9059-06128B054592}
		{787E6683-5B60-4EA4-832C-76B9B93AE60A} = {F875B9C1-3C7E-4315-9059-06128B054592}
		{75E9DD67-FC6B-4CF2-B59B-98AD10FE2595} = {F875B9C1-3C7E-4315-9059-06128B054592}
		{C1DAB3B5-D602-47C0-976F-6434AAC60C44} = {CEB6D455-8552-417F-A49E-F4931019BEB9}
		{AF640A2D-686D-4F85-95CB-CBC2D5211543} = {CEB6D455-8552-417F-A49E-F4931019BEB9}
		{014EC6AA-FCCE-42C9-871B-92DBDC98F9A7} = {787E6683-5B60-4EA4-832C-76B9B93AE60A}
		{4A15AC54-CA4A-4202-86ED-7A6A0A4984CA} = {787E6683-5B60-4EA4-832C-76B9B93AE60A}
		{BFE517C0-F2B3-475F-9A19-078A42FBF102} = {CDAB05DD-B0D6-42DB-A42A-1B51F74A2967}
		{19BB924D-EBD4-4B8F-B6E7-86788996E5D4} = {A9CC7FAD-F8A0-467C-AA68-9E0BC5D87C7F}
		{71B14F89-937C-4D8D-9070-598EC591F9EF} = {75E9DD67-FC6B-4CF2-B59B-98AD10FE2595}
		{E678B84E-8556-45B2-B01B-546CCCE8AF47} = {787E6683-5B60-4EA4-832C-76B9B93AE60A}
	EndGlobalSection
	GlobalSection(ExtensibilityGlobals) = postSolution
		SolutionGuid = {A62769E6-538A-4375-B923-2AD928E5A78B}
	EndGlobalSection
EndGlobal
